
Microsoft Visual Studio Solution File, Format Version 12.00
# Visual Studio Version 17
VisualStudioVersion = 17.8.34408.163
MinimumVisualStudioVersion = 10.0.40219.1
Project("{FAE04EC0-301F-11D3-BF4B-00C04F79EFBC}") = "Project1", "Project1.csproj", "{8535D010-9F5F-44D5-A5F0-A0F305D9D787}"
EndProject
Global
	GlobalSection(SolutionConfigurationPlatforms) = preSolution
		Debug|Any CPU = Debug|Any CPU
		Release|Any CPU = Release|Any CPU
	EndGlobalSection
	GlobalSection(ProjectConfigurationPlatforms) = postSolution
		{8535D010-9F5F-44D5-A5F0-A0F305D9D787}.Debug|Any CPU.ActiveCfg = Debug|Any CPU
		{8535D010-9F5F-44D5-A5F0-A0F305D9D787}.Debug|Any CPU.Build.0 = Debug|Any CPU
		{8535D010-9F5F-44D5-A5F0-A0F305D9D787}.Release|Any CPU.ActiveCfg = Release|Any CPU
		{8535D010-9F5F-44D5-A5F0-A0F305D9D787}.Release|Any CPU.Build.0 = Release|Any CPU
	EndGlobalSection
	GlobalSection(SolutionProperties) = preSolution
		HideSolutionNode = FALSE
	EndGlobalSection
	GlobalSection(ExtensibilityGlobals) = postSolution
		SolutionGuid = {E5E200E0-61B6-4923-B62B-A33857D77FF5}
	EndGlobalSection
EndGlobal
